<?xml version="1.0" encoding="utf-8"?>
<Project ToolsVersion="4.0" xmlns="http://schemas.microsoft.com/developer/msbuild/2003">
  <ItemGroup>
    <Filter Include="源文件">
      <UniqueIdentifier>{4FC737F1-C7A5-4376-A066-2A32D752A2FF}</UniqueIdentifier>
      <Extensions>cpp;c;cc;cxx;def;odl;idl;hpj;bat;asm;asmx</Extensions>
    </Filter>
    <Filter Include="头文件">
      <UniqueIdentifier>{93995380-89BD-4b04-88EB-625FBE52EBFB}</UniqueIdentifier>
      <Extensions>h;hh;hpp;hxx;hm;inl;inc;ipp;xsd</Extensions>
    </Filter>
    <Filter Include="资源文件">
      <UniqueIdentifier>{67DA6AB6-F800-4c08-8B7A-83BB121AAD01}</UniqueIdentifier>
      <Extensions>rc;ico;cur;bmp;dlg;rc2;rct;bin;rgs;gif;jpg;jpeg;jpe;resx;tiff;tif;png;wav;mfcribbon-ms</Extensions>
    </Filter>
    <Filter Include="Common">
      <UniqueIdentifier>{a47fe8a9-f1e1-4f51-816c-c11542d7b569}</UniqueIdentifier>
    </Filter>
    <Filter Include="Header Files">
      <UniqueIdentifier>{246318ea-7e14-4eec-bc34-7daa08e42c45}</UniqueIdentifier>
    </Filter>
    <Filter Include="HPSocket">
      <UniqueIdentifier>{f27296c7-cfaf-4e6a-a062-d820b4f33501}</UniqueIdentifier>
    </Filter>
    <Filter Include="Resource Files">
      <UniqueIdentifier>{5fc46193-2322-4db4-8de7-c916fa673242}</UniqueIdentifier>
    </Filter>
    <Filter Include="Source Files">
      <UniqueIdentifier>{36dfb8d9-1af4-4183-a3dc-4239c05fb532}</UniqueIdentifier>
    </Filter>
    <Filter Include="HPSocket\Public">
      <UniqueIdentifier>{a904c863-ccf4-4e72-9636-e7d5645f26ae}</UniqueIdentifier>
    </Filter>
    <Filter Include="HPSocket\UDP">
      <UniqueIdentifier>{4c74fd0e-55d1-4cd3-b19f-2fb5c1b277c8}</UniqueIdentifier>
    </Filter>
    <Filter Include="Common\BUG">
      <UniqueIdentifier>{4a3c2c14-84bb-46cc-b73f-093c26f162de}</UniqueIdentifier>
    </Filter>
  </ItemGroup>
  <ItemGroup>
    <ClInclude Include="GeneralHelper.h">
      <Filter>Common</Filter>
    </ClInclude>
    <ClInclude Include="SocketInterface.h">
      <Filter>HPSocket\Public</Filter>
    </ClInclude>
    <ClInclude Include="HPTypeDef.h">
      <Filter>HPSocket\Public</Filter>
    </ClInclude>
    <ClInclude Include="UdpClient.h">
      <Filter>头文件</Filter>
    </ClInclude>
    <ClInclude Include="CriticalSection.h">
      <Filter>Common</Filter>
    </ClInclude>
    <ClInclude Include="Singleton.h">
      <Filter>Common</Filter>
    </ClInclude>
    <ClInclude Include="win32_crtdbg.h">
      <Filter>Common\BUG</Filter>
    </ClInclude>
    <ClInclude Include="stdafx.h">
      <Filter>头文件</Filter>
    </ClInclude>
    <ClInclude Include="BufferPool.h">
      <Filter>Common</Filter>
    </ClInclude>
    <ClInclude Include="PrivateHeap.h">
      <Filter>Common</Filter>
    </ClInclude>
  </ItemGroup>
  <ItemGroup>
    <ClCompile Include="HXSocketDLL.cpp">
      <Filter>源文件</Filter>
    </ClCompile>
    <ClCompile Include="UdpClient.cpp">
      <Filter>源文件</Filter>
    </ClCompile>
    <ClCompile Include="win32_crtdbg.cpp">
      <Filter>Common\BUG</Filter>
    </ClCompile>
    <ClCompile Include="stdafx.cpp">
      <Filter>源文件</Filter>
    </ClCompile>
    <ClCompile Include="BufferPool.cpp">
      <Filter>Common</Filter>
    </ClCompile>
  </ItemGroup>
</Project>